{
  "object": {
    "pins": [
      {
        "package": "Gzip",
        "repositoryURL": "https://github.com/1024jp/GzipSwift",
        "state": {
          "branch": null,
          "revision": "ba0b6cb51cc6202f896e469b87d2889a46b10d1b",
          "version": "5.1.1"
        }
      },
      {
        "package": "COpenSSL",
        "repositoryURL": "https://gitee.com/ztgtut/Perfect-COpenSSL",
        "state": {
          "branch": null,
          "revision": "ce3113e159b8c6d8565e5d8db2672b572c81aea9",
          "version": "4.0.2"
        }
      },
      {
        "package": "SSCommon",
        "repositoryURL": "https://gitee.com/ztgtut/SSCommon.git",
        "state": {
          "branch": "master",
          "revision": "16bc1d3ccd6bc4f9cc15ed01271586e9f8b6fa62",
          "version": null
        }
      },
      {
        "package": "SSNetwork",
        "repositoryURL": "https://gitee.com/ztgtut/SSNetwork.git",
        "state": {
          "branch": "master",
          "revision": "1632064d8246ce6020e0aa6e7aaf1c586a60c175",
          "version": null
        }
      },
      {
        "package": "SSWebsocket",
        "repositoryURL": "https://gitee.com/ztgtut/SSWebsocket.git",
        "state": {
          "branch": "master",
          "revision": "52e4694e1ab9a720af7c0ce30c3d2790bde4e7ff",
          "version": null
        }
      },
      {
        "package": "swift-nio",
        "repositoryURL": "https://gitee.com/ztgtut/swift-nio.git",
        "state": {
          "branch": null,
          "revision": "6aa9347d9bc5bbfe6a84983aec955c17ffea96ef",
          "version": "2.33.0"
        }
      },
      {
        "package": "swift-nio-ssl",
        "repositoryURL": "https://gitee.com/ztgtut/swift-nio-ssl.git",
        "state": {
          "branch": null,
          "revision": "5e68c1ded15619bb281b273fa8c2d8fd7f7b2b7d",
          "version": "2.16.1"
        }
      },
      {
        "package": "websocket-kit",
        "repositoryURL": "https://gitee.com/ztgtut/websocket-kit.git",
        "state": {
          "branch": null,
          "revision": "b1c4df8f6c848c2e977726903bbe6578eed723ad",
          "version": "2.2.0"
        }
      }
    ]
  },
  "version": 1
}
