{
  "object": {
    "pins": [
      {
        "package": "SSCommon",
        "repositoryURL": "https://github.com/zhtut/SSCommon.git",
        "state": {
          "branch": "main",
          "revision": "72e1129d0dfec3fbffb682cbf242613c997d0e86",
          "version": null
        }
      },
      {
        "package": "SSEncrypt",
        "repositoryURL": "https://github.com/zhtut/SSEncrypt.git",
        "state": {
          "branch": "main",
          "revision": "ffb09ba46b1cfc4297a9be9bf27f2be084efdbbb",
          "version": null
        }
      },
      {
        "package": "SSLog",
        "repositoryURL": "https://github.com/zhtut/SSLog.git",
        "state": {
          "branch": "main",
          "revision": "33048be03e2c9e8be3287832f6d85698cecafe35",
          "version": null
        }
      },
      {
        "package": "SSNetwork",
        "repositoryURL": "https://github.com/zhtut/SSNetwork.git",
        "state": {
          "branch": "main",
          "revision": "2545d8b1c92de8c69856552fbe9edc118bb9d965",
          "version": null
        }
      },
      {
        "package": "SSWebsocket",
        "repositoryURL": "https://github.com/zhtut/SSWebsocket.git",
        "state": {
          "branch": "main",
          "revision": "a688d82eb1c23b035015e46415d045ed42683b8c",
          "version": null
        }
      },
      {
        "package": "swift-crypto",
        "repositoryURL": "https://github.com/apple/swift-crypto.git",
        "state": {
          "branch": null,
          "revision": "da0fe44138ab86e380f40a2acbd8a611b07d3f64",
          "version": "2.4.0"
        }
      }
    ]
  },
  "version": 1
}
